<?xml version="1.0" encoding="utf-8"?>
<Project ToolsVersion="4.0" xmlns="http://schemas.microsoft.com/developer/msbuild/2003">
  <ItemGroup>
    <Filter Include="源文件">
      <UniqueIdentifier>{4FC737F1-C7A5-4376-A066-2A32D752A2FF}</UniqueIdentifier>
      <Extensions>cpp;c;cc;cxx;def;odl;idl;hpj;bat;asm;asmx</Extensions>
    </Filter>
    <Filter Include="头文件">
      <UniqueIdentifier>{93995380-89BD-4b04-88EB-625FBE52EBFB}</UniqueIdentifier>
      <Extensions>h;hpp;hxx;hm;inl;inc;xsd</Extensions>
    </Filter>
    <Filter Include="资源文件">
      <UniqueIdentifier>{67DA6AB6-F800-4c08-8B7A-83BB121AAD01}</UniqueIdentifier>
      <Extensions>rc;ico;cur;bmp;dlg;rc2;rct;bin;rgs;gif;jpg;jpeg;jpe;resx;tiff;tif;png;wav;mfcribbon-ms</Extensions>
    </Filter>
  </ItemGroup>
  <ItemGroup>
    <None Include="ReadMe.txt" />
    <None Include="res\MsgD100.rc2">
      <Filter>资源文件</Filter>
    </None>
    <None Include="res\MsgD100.ico">
      <Filter>资源文件</Filter>
    </None>
  </ItemGroup>
  <ItemGroup>
    <ClInclude Include="MsgD100.h">
      <Filter>头文件</Filter>
    </ClInclude>
    <ClInclude Include="MsgD100Dlg.h">
      <Filter>头文件</Filter>
    </ClInclude>
    <ClInclude Include="stdafx.h">
      <Filter>头文件</Filter>
    </ClInclude>
    <ClInclude Include="targetver.h">
      <Filter>头文件</Filter>
    </ClInclude>
    <ClInclude Include="Resource.h">
      <Filter>头文件</Filter>
    </ClInclude>
    <ClInclude Include="MsgTypes.h">
      <Filter>头文件</Filter>
    </ClInclude>
    <ClInclude Include="CConfigFile.h">
      <Filter>头文件</Filter>
    </ClInclude>
    <ClInclude Include="MsgCSkt.h">
      <Filter>头文件</Filter>
    </ClInclude>
    <ClInclude Include="Event.h">
      <Filter>头文件</Filter>
    </ClInclude>
    <ClInclude Include="UnObject.h">
      <Filter>头文件</Filter>
    </ClInclude>
    <ClInclude Include="RequestResponse.h">
      <Filter>头文件</Filter>
    </ClInclude>
    <ClInclude Include="ListItem.h">
      <Filter>头文件</Filter>
    </ClInclude>
  </ItemGroup>
  <ItemGroup>
    <ClCompile Include="MsgD100.cpp">
      <Filter>源文件</Filter>
    </ClCompile>
    <ClCompile Include="MsgD100Dlg.cpp">
      <Filter>源文件</Filter>
    </ClCompile>
    <ClCompile Include="stdafx.cpp">
      <Filter>源文件</Filter>
    </ClCompile>
    <ClCompile Include="MsgTypes.cpp">
      <Filter>源文件</Filter>
    </ClCompile>
    <ClCompile Include="CConfigFile.cpp">
      <Filter>源文件</Filter>
    </ClCompile>
    <ClCompile Include="MsgCSkt.cpp">
      <Filter>源文件</Filter>
    </ClCompile>
    <ClCompile Include="Event.cpp">
      <Filter>源文件</Filter>
    </ClCompile>
    <ClCompile Include="UnObject.cpp">
      <Filter>源文件</Filter>
    </ClCompile>
    <ClCompile Include="RequestResponse.cpp">
      <Filter>源文件</Filter>
    </ClCompile>
    <ClCompile Include="ListItem.cpp">
      <Filter>源文件</Filter>
    </ClCompile>
  </ItemGroup>
  <ItemGroup>
    <ResourceCompile Include="MsgD100.rc">
      <Filter>资源文件</Filter>
    </ResourceCompile>
  </ItemGroup>
</Project>